{
  "name": "8-ES6 and TypeScript",
  "lockfileVersion": 3,
  "requires": true,
  "packages": {
    "": {
      "dependencies": {
        "systemjs": "^6.13.0"
      }
    },
    "node_modules/systemjs": {
      "version": "6.13.0",
      "resolved": "https://registry.npmjs.org/systemjs/-/systemjs-6.13.0.tgz",
      "integrity": "sha512-P3cgh2bpaPvAO2NE3uRp/n6hmk4xPX4DQf+UzTlCAycssKdqhp6hjw+ENWe+aUS7TogKRFtptMosTSFeC6R55g=="
    }
  }
}
